
Microsoft Visual Studio Solution File, Format Version 12.00
# Visual Studio Version 17
VisualStudioVersion = 17.14.36408.4 d17.14
MinimumVisualStudioVersion = 10.0.40219.1
Project("{FAE04EC0-301F-11D3-BF4B-00C04F79EFBC}") = "array_binary_search_and_summation", "array_binary_search_and_summation\array_binary_search_and_summation.csproj", "{1B4CF3A4-C7C2-45C2-986E-F721224236AE}"
EndProject
Global
	GlobalSection(SolutionConfigurationPlatforms) = preSolution
		Debug|Any CPU = Debug|Any CPU
		Release|Any CPU = Release|Any CPU
	EndGlobalSection
	GlobalSection(ProjectConfigurationPlatforms) = postSolution
		{1B4CF3A4-C7C2-45C2-986E-F721224236AE}.Debug|Any CPU.ActiveCfg = Debug|Any CPU
		{1B4CF3A4-C7C2-45C2-986E-F721224236AE}.Debug|Any CPU.Build.0 = Debug|Any CPU
		{1B4CF3A4-C7C2-45C2-986E-F721224236AE}.Release|Any CPU.ActiveCfg = Release|Any CPU
		{1B4CF3A4-C7C2-45C2-986E-F721224236AE}.Release|Any CPU.Build.0 = Release|Any CPU
	EndGlobalSection
	GlobalSection(SolutionProperties) = preSolution
		HideSolutionNode = FALSE
	EndGlobalSection
	GlobalSection(ExtensibilityGlobals) = postSolution
		SolutionGuid = {4C6D28D4-28E8-4CD1-93B9-2B82E275C85F}
	EndGlobalSection
EndGlobal
