
Microsoft Visual Studio Solution File, Format Version 12.00
# Visual Studio Version 17
VisualStudioVersion = 17.14.36623.8 d17.14
MinimumVisualStudioVersion = 10.0.40219.1
Project("{FAE04EC0-301F-11D3-BF4B-00C04F79EFBC}") = "WinFormsApp1", "WinFormsApp1\WinFormsApp1.csproj", "{DCCE8A8C-78B4-43E2-9E37-77C6A4E365AA}"
EndProject
Global
	GlobalSection(SolutionConfigurationPlatforms) = preSolution
		Debug|Any CPU = Debug|Any CPU
		Release|Any CPU = Release|Any CPU
	EndGlobalSection
	GlobalSection(ProjectConfigurationPlatforms) = postSolution
		{DCCE8A8C-78B4-43E2-9E37-77C6A4E365AA}.Debug|Any CPU.ActiveCfg = Debug|Any CPU
		{DCCE8A8C-78B4-43E2-9E37-77C6A4E365AA}.Debug|Any CPU.Build.0 = Debug|Any CPU
		{DCCE8A8C-78B4-43E2-9E37-77C6A4E365AA}.Release|Any CPU.ActiveCfg = Release|Any CPU
		{DCCE8A8C-78B4-43E2-9E37-77C6A4E365AA}.Release|Any CPU.Build.0 = Release|Any CPU
	EndGlobalSection
	GlobalSection(SolutionProperties) = preSolution
		HideSolutionNode = FALSE
	EndGlobalSection
	GlobalSection(ExtensibilityGlobals) = postSolution
		SolutionGuid = {2FA5E740-5261-4180-B821-7F52A1FAF574}
	EndGlobalSection
EndGlobal
